// !$*UTF8*$!
{
	archiveVersion = 1;
	classes = {
	};
	objectVersion = 51;
	objects = {

/* Begin PBXBuildFile section */
		D97CC7F5C35F1D75BFA923C8 /* Pods_Lexus.framework in Frameworks */ = {isa = PBXBuildFile; fileRef = BB33CCCFF32C494668C5718B /* Pods_Lexus.framework */; };
		F41B44EE25A5B8F7000C0973 /* AppDelegate.swift in Sources */ = {isa = PBXBuildFile; fileRef = F41B44ED25A5B8F7000C0973 /* AppDelegate.swift */; };
		F41B44F025A5B8F7000C0973 /* SceneDelegate.swift in Sources */ = {isa = PBXBuildFile; fileRef = F41B44EF25A5B8F7000C0973 /* SceneDelegate.swift */; };
		F41B44F225A5B8F7000C0973 /* SuperLottoViewController.swift in Sources */ = {isa = PBXBuildFile; fileRef = F41B44F125A5B8F7000C0973 /* SuperLottoViewController.swift */; };
		F41B44F525A5B8F7000C0973 /* Main.storyboard in Resources */ = {isa = PBXBuildFile; fileRef = F41B44F325A5B8F7000C0973 /* Main.storyboard */; };
		F41B44F725A5B8F9000C0973 /* Assets.xcassets in Resources */ = {isa = PBXBuildFile; fileRef = F41B44F625A5B8F9000C0973 /* Assets.xcassets */; };
		F41B44FA25A5B8F9000C0973 /* LaunchScreen.storyboard in Resources */ = {isa = PBXBuildFile; fileRef = F41B44F825A5B8F9000C0973 /* LaunchScreen.storyboard */; };
		F41B451325A5BB44000C0973 /* HistoryTableViewController.swift in Sources */ = {isa = PBXBuildFile; fileRef = F41B451225A5BB44000C0973 /* HistoryTableViewController.swift */; };
		F41B451625A5BB6E000C0973 /* OneAndOneTableViewController.swift in Sources */ = {isa = PBXBuildFile; fileRef = F41B451525A5BB6E000C0973 /* OneAndOneTableViewController.swift */; };
		F41B453625A5BD94000C0973 /* NumberCollectionViewCell.swift in Sources */ = {isa = PBXBuildFile; fileRef = F41B453525A5BD94000C0973 /* NumberCollectionViewCell.swift */; };
		F41B453A25A5BE92000C0973 /* UIConstant.swift in Sources */ = {isa = PBXBuildFile; fileRef = F41B453925A5BE92000C0973 /* UIConstant.swift */; };
		F46799A925A69A7300FF3BDE /* HomeCollectionViewController.swift in Sources */ = {isa = PBXBuildFile; fileRef = F46799A825A69A7300FF3BDE /* HomeCollectionViewController.swift */; };
		F46799AF25A69B7D00FF3BDE /* HomeItemCollectionViewCell.swift in Sources */ = {isa = PBXBuildFile; fileRef = F46799AE25A69B7D00FF3BDE /* HomeItemCollectionViewCell.swift */; };
		F46799B325A69C6400FF3BDE /* HomeAdapter.swift in Sources */ = {isa = PBXBuildFile; fileRef = F46799B225A69C6400FF3BDE /* HomeAdapter.swift */; };
		F4D0F58125A6AC5300D90E78 /* HomeBillItem.swift in Sources */ = {isa = PBXBuildFile; fileRef = F4D0F58025A6AC5300D90E78 /* HomeBillItem.swift */; };
		F4D0F59C25A6CFF600D90E78 /* MyNavigationController.swift in Sources */ = {isa = PBXBuildFile; fileRef = F4D0F59B25A6CFF600D90E78 /* MyNavigationController.swift */; };
		F4D0F5A225A6D08400D90E78 /* UIKit+Extension.swift in Sources */ = {isa = PBXBuildFile; fileRef = F4D0F5A125A6D08400D90E78 /* UIKit+Extension.swift */; };
		F4D0F5A825A6D3CF00D90E78 /* HistoryDataStore.swift in Sources */ = {isa = PBXBuildFile; fileRef = F4D0F5A725A6D3CF00D90E78 /* HistoryDataStore.swift */; };
		F4D0F5C325A6D56600D90E78 /* LotteryModel.swift in Sources */ = {isa = PBXBuildFile; fileRef = F4D0F5C225A6D56600D90E78 /* LotteryModel.swift */; };
		F4D0F5C625A6D5A400D90E78 /* LotteryType.swift in Sources */ = {isa = PBXBuildFile; fileRef = F4D0F5C525A6D5A400D90E78 /* LotteryType.swift */; };
		F4D0F5C925A6D67500D90E78 /* LotteryItem.swift in Sources */ = {isa = PBXBuildFile; fileRef = F4D0F5C825A6D67500D90E78 /* LotteryItem.swift */; };
/* End PBXBuildFile section */

/* Begin PBXFileReference section */
		BB33CCCFF32C494668C5718B /* Pods_Lexus.framework */ = {isa = PBXFileReference; explicitFileType = wrapper.framework; includeInIndex = 0; path = Pods_Lexus.framework; sourceTree = BUILT_PRODUCTS_DIR; };
		C35D172655E6CFB644F65138 /* Pods-Lexus.release.xcconfig */ = {isa = PBXFileReference; includeInIndex = 1; lastKnownFileType = text.xcconfig; name = "Pods-Lexus.release.xcconfig"; path = "Target Support Files/Pods-Lexus/Pods-Lexus.release.xcconfig"; sourceTree = "<group>"; };
		F41B44EA25A5B8F7000C0973 /* Lexus.app */ = {isa = PBXFileReference; explicitFileType = wrapper.application; includeInIndex = 0; path = Lexus.app; sourceTree = BUILT_PRODUCTS_DIR; };
		F41B44ED25A5B8F7000C0973 /* AppDelegate.swift */ = {isa = PBXFileReference; lastKnownFileType = sourcecode.swift; path = AppDelegate.swift; sourceTree = "<group>"; };
		F41B44EF25A5B8F7000C0973 /* SceneDelegate.swift */ = {isa = PBXFileReference; lastKnownFileType = sourcecode.swift; path = SceneDelegate.swift; sourceTree = "<group>"; };
		F41B44F125A5B8F7000C0973 /* SuperLottoViewController.swift */ = {isa = PBXFileReference; lastKnownFileType = sourcecode.swift; path = SuperLottoViewController.swift; sourceTree = "<group>"; };
		F41B44F425A5B8F7000C0973 /* Base */ = {isa = PBXFileReference; lastKnownFileType = file.storyboard; name = Base; path = Base.lproj/Main.storyboard; sourceTree = "<group>"; };
		F41B44F625A5B8F9000C0973 /* Assets.xcassets */ = {isa = PBXFileReference; lastKnownFileType = folder.assetcatalog; path = Assets.xcassets; sourceTree = "<group>"; };
		F41B44F925A5B8F9000C0973 /* Base */ = {isa = PBXFileReference; lastKnownFileType = file.storyboard; name = Base; path = Base.lproj/LaunchScreen.storyboard; sourceTree = "<group>"; };
		F41B44FB25A5B8F9000C0973 /* Info.plist */ = {isa = PBXFileReference; lastKnownFileType = text.plist.xml; path = Info.plist; sourceTree = "<group>"; };
		F41B451225A5BB44000C0973 /* HistoryTableViewController.swift */ = {isa = PBXFileReference; lastKnownFileType = sourcecode.swift; name = HistoryTableViewController.swift; path = "../New Group/HistoryTableViewController.swift"; sourceTree = "<group>"; };
		F41B451525A5BB6E000C0973 /* OneAndOneTableViewController.swift */ = {isa = PBXFileReference; lastKnownFileType = sourcecode.swift; path = OneAndOneTableViewController.swift; sourceTree = "<group>"; };
		F41B453525A5BD94000C0973 /* NumberCollectionViewCell.swift */ = {isa = PBXFileReference; lastKnownFileType = sourcecode.swift; path = NumberCollectionViewCell.swift; sourceTree = "<group>"; };
		F41B453925A5BE92000C0973 /* UIConstant.swift */ = {isa = PBXFileReference; fileEncoding = 4; lastKnownFileType = sourcecode.swift; path = UIConstant.swift; sourceTree = "<group>"; };
		F46799A825A69A7300FF3BDE /* HomeCollectionViewController.swift */ = {isa = PBXFileReference; lastKnownFileType = sourcecode.swift; path = HomeCollectionViewController.swift; sourceTree = "<group>"; };
		F46799AE25A69B7D00FF3BDE /* HomeItemCollectionViewCell.swift */ = {isa = PBXFileReference; lastKnownFileType = sourcecode.swift; path = HomeItemCollectionViewCell.swift; sourceTree = "<group>"; };
		F46799B225A69C6400FF3BDE /* HomeAdapter.swift */ = {isa = PBXFileReference; lastKnownFileType = sourcecode.swift; path = HomeAdapter.swift; sourceTree = "<group>"; };
		F4D0F58025A6AC5300D90E78 /* HomeBillItem.swift */ = {isa = PBXFileReference; lastKnownFileType = sourcecode.swift; path = HomeBillItem.swift; sourceTree = "<group>"; };
		F4D0F59B25A6CFF600D90E78 /* MyNavigationController.swift */ = {isa = PBXFileReference; lastKnownFileType = sourcecode.swift; path = MyNavigationController.swift; sourceTree = "<group>"; };
		F4D0F5A125A6D08400D90E78 /* UIKit+Extension.swift */ = {isa = PBXFileReference; lastKnownFileType = sourcecode.swift; path = "UIKit+Extension.swift"; sourceTree = "<group>"; };
		F4D0F5A725A6D3CF00D90E78 /* HistoryDataStore.swift */ = {isa = PBXFileReference; lastKnownFileType = sourcecode.swift; path = HistoryDataStore.swift; sourceTree = "<group>"; };
		F4D0F5C225A6D56600D90E78 /* LotteryModel.swift */ = {isa = PBXFileReference; lastKnownFileType = sourcecode.swift; path = LotteryModel.swift; sourceTree = "<group>"; };
		F4D0F5C525A6D5A400D90E78 /* LotteryType.swift */ = {isa = PBXFileReference; lastKnownFileType = sourcecode.swift; path = LotteryType.swift; sourceTree = "<group>"; };
		F4D0F5C825A6D67500D90E78 /* LotteryItem.swift */ = {isa = PBXFileReference; lastKnownFileType = sourcecode.swift; path = LotteryItem.swift; sourceTree = "<group>"; };
		FDDBF76B80E040204F247FF5 /* Pods-Lexus.debug.xcconfig */ = {isa = PBXFileReference; includeInIndex = 1; lastKnownFileType = text.xcconfig; name = "Pods-Lexus.debug.xcconfig"; path = "Target Support Files/Pods-Lexus/Pods-Lexus.debug.xcconfig"; sourceTree = "<group>"; };
/* End PBXFileReference section */

/* Begin PBXFrameworksBuildPhase section */
		F41B44E725A5B8F7000C0973 /* Frameworks */ = {
			isa = PBXFrameworksBuildPhase;
			buildActionMask = 2147483647;
			files = (
				D97CC7F5C35F1D75BFA923C8 /* Pods_Lexus.framework in Frameworks */,
			);
			runOnlyForDeploymentPostprocessing = 0;
		};
/* End PBXFrameworksBuildPhase section */

/* Begin PBXGroup section */
		474CB9A66F7751745D511E77 /* Pods */ = {
			isa = PBXGroup;
			children = (
				FDDBF76B80E040204F247FF5 /* Pods-Lexus.debug.xcconfig */,
				C35D172655E6CFB644F65138 /* Pods-Lexus.release.xcconfig */,
			);
			path = Pods;
			sourceTree = "<group>";
		};
		D095844FDEC164573B37D372 /* Frameworks */ = {
			isa = PBXGroup;
			children = (
				BB33CCCFF32C494668C5718B /* Pods_Lexus.framework */,
			);
			name = Frameworks;
			sourceTree = "<group>";
		};
		F41B44E125A5B8F7000C0973 = {
			isa = PBXGroup;
			children = (
				F41B44EC25A5B8F7000C0973 /* Lexus */,
				F41B44EB25A5B8F7000C0973 /* Products */,
				474CB9A66F7751745D511E77 /* Pods */,
				D095844FDEC164573B37D372 /* Frameworks */,
			);
			sourceTree = "<group>";
		};
		F41B44EB25A5B8F7000C0973 /* Products */ = {
			isa = PBXGroup;
			children = (
				F41B44EA25A5B8F7000C0973 /* Lexus.app */,
			);
			name = Products;
			sourceTree = "<group>";
		};
		F41B44EC25A5B8F7000C0973 /* Lexus */ = {
			isa = PBXGroup;
			children = (
				F4D0F59F25A6D06700D90E78 /* Service */,
				F41B44ED25A5B8F7000C0973 /* AppDelegate.swift */,
				F41B44EF25A5B8F7000C0973 /* SceneDelegate.swift */,
				F41B451525A5BB6E000C0973 /* OneAndOneTableViewController.swift */,
				F41B453925A5BE92000C0973 /* UIConstant.swift */,
				F4D0F5A525A6D21800D90E78 /* History */,
				F4D0F59925A6CFD800D90E78 /* Application */,
				F46799AB25A69AC100FF3BDE /* Home */,
				F41B453425A5BD74000C0973 /* Views */,
				F41B44F325A5B8F7000C0973 /* Main.storyboard */,
				F41B44F625A5B8F9000C0973 /* Assets.xcassets */,
				F41B44F825A5B8F9000C0973 /* LaunchScreen.storyboard */,
				F41B44FB25A5B8F9000C0973 /* Info.plist */,
			);
			path = Lexus;
			sourceTree = "<group>";
		};
		F41B453425A5BD74000C0973 /* Views */ = {
			isa = PBXGroup;
			children = (
				F41B453525A5BD94000C0973 /* NumberCollectionViewCell.swift */,
			);
			path = Views;
			sourceTree = "<group>";
		};
		F46799AB25A69AC100FF3BDE /* Home */ = {
			isa = PBXGroup;
			children = (
				F46799A825A69A7300FF3BDE /* HomeCollectionViewController.swift */,
				F41B44F125A5B8F7000C0973 /* SuperLottoViewController.swift */,
				F46799B125A69C5900FF3BDE /* Model */,
				F46799AD25A69B6A00FF3BDE /* Views */,
			);
			path = Home;
			sourceTree = "<group>";
		};
		F46799AD25A69B6A00FF3BDE /* Views */ = {
			isa = PBXGroup;
			children = (
				F46799AE25A69B7D00FF3BDE /* HomeItemCollectionViewCell.swift */,
			);
			path = Views;
			sourceTree = "<group>";
		};
		F46799B125A69C5900FF3BDE /* Model */ = {
			isa = PBXGroup;
			children = (
				F46799B225A69C6400FF3BDE /* HomeAdapter.swift */,
				F4D0F5C525A6D5A400D90E78 /* LotteryType.swift */,
				F4D0F5C825A6D67500D90E78 /* LotteryItem.swift */,
				F4D0F5C225A6D56600D90E78 /* LotteryModel.swift */,
				F4D0F58025A6AC5300D90E78 /* HomeBillItem.swift */,
			);
			path = Model;
			sourceTree = "<group>";
		};
		F4D0F59925A6CFD800D90E78 /* Application */ = {
			isa = PBXGroup;
			children = (
				F4D0F59A25A6CFE000D90E78 /* Root */,
			);
			path = Application;
			sourceTree = "<group>";
		};
		F4D0F59A25A6CFE000D90E78 /* Root */ = {
			isa = PBXGroup;
			children = (
				F4D0F59B25A6CFF600D90E78 /* MyNavigationController.swift */,
			);
			path = Root;
			sourceTree = "<group>";
		};
		F4D0F59F25A6D06700D90E78 /* Service */ = {
			isa = PBXGroup;
			children = (
				F4D0F5A025A6D06F00D90E78 /* Extensions */,
			);
			path = Service;
			sourceTree = "<group>";
		};
		F4D0F5A025A6D06F00D90E78 /* Extensions */ = {
			isa = PBXGroup;
			children = (
				F4D0F5A125A6D08400D90E78 /* UIKit+Extension.swift */,
			);
			path = Extensions;
			sourceTree = "<group>";
		};
		F4D0F5A525A6D21800D90E78 /* History */ = {
			isa = PBXGroup;
			children = (
				F4D0F5A625A6D26700D90E78 /* Model */,
				F41B451225A5BB44000C0973 /* HistoryTableViewController.swift */,
			);
			path = History;
			sourceTree = "<group>";
		};
		F4D0F5A625A6D26700D90E78 /* Model */ = {
			isa = PBXGroup;
			children = (
				F4D0F5A725A6D3CF00D90E78 /* HistoryDataStore.swift */,
			);
			path = Model;
			sourceTree = "<group>";
		};
/* End PBXGroup section */

/* Begin PBXNativeTarget section */
		F41B44E925A5B8F7000C0973 /* Lexus */ = {
			isa = PBXNativeTarget;
			buildConfigurationList = F41B44FE25A5B8F9000C0973 /* Build configuration list for PBXNativeTarget "Lexus" */;
			buildPhases = (
				B3C17C74865BED0FBCECC397 /* [CP] Check Pods Manifest.lock */,
				F41B44E625A5B8F7000C0973 /* Sources */,
				F41B44E725A5B8F7000C0973 /* Frameworks */,
				F41B44E825A5B8F7000C0973 /* Resources */,
				51F00117E24EDD432A02C39A /* [CP] Embed Pods Frameworks */,
			);
			buildRules = (
			);
			dependencies = (
			);
			name = Lexus;
			productName = Lexus;
			productReference = F41B44EA25A5B8F7000C0973 /* Lexus.app */;
			productType = "com.apple.product-type.application";
		};
/* End PBXNativeTarget section */

/* Begin PBXProject section */
		F41B44E225A5B8F7000C0973 /* Project object */ = {
			isa = PBXProject;
			attributes = {
				LastSwiftUpdateCheck = 1230;
				LastUpgradeCheck = 1230;
				TargetAttributes = {
					F41B44E925A5B8F7000C0973 = {
						CreatedOnToolsVersion = 12.3;
					};
				};
			};
			buildConfigurationList = F41B44E525A5B8F7000C0973 /* Build configuration list for PBXProject "Lexus" */;
			compatibilityVersion = "Xcode 9.3";
			developmentRegion = en;
			hasScannedForEncodings = 0;
			knownRegions = (
				en,
				Base,
			);
			mainGroup = F41B44E125A5B8F7000C0973;
			productRefGroup = F41B44EB25A5B8F7000C0973 /* Products */;
			projectDirPath = "";
			projectRoot = "";
			targets = (
				F41B44E925A5B8F7000C0973 /* Lexus */,
			);
		};
/* End PBXProject section */

/* Begin PBXResourcesBuildPhase section */
		F41B44E825A5B8F7000C0973 /* Resources */ = {
			isa = PBXResourcesBuildPhase;
			buildActionMask = 2147483647;
			files = (
				F41B44FA25A5B8F9000C0973 /* LaunchScreen.storyboard in Resources */,
				F41B44F725A5B8F9000C0973 /* Assets.xcassets in Resources */,
				F41B44F525A5B8F7000C0973 /* Main.storyboard in Resources */,
			);
			runOnlyForDeploymentPostprocessing = 0;
		};
/* End PBXResourcesBuildPhase section */

/* Begin PBXShellScriptBuildPhase section */
		51F00117E24EDD432A02C39A /* [CP] Embed Pods Frameworks */ = {
			isa = PBXShellScriptBuildPhase;
			buildActionMask = 2147483647;
			files = (
			);
			inputFileListPaths = (
				"${PODS_ROOT}/Target Support Files/Pods-Lexus/Pods-Lexus-frameworks-${CONFIGURATION}-input-files.xcfilelist",
			);
			name = "[CP] Embed Pods Frameworks";
			outputFileListPaths = (
				"${PODS_ROOT}/Target Support Files/Pods-Lexus/Pods-Lexus-frameworks-${CONFIGURATION}-output-files.xcfilelist",
			);
			runOnlyForDeploymentPostprocessing = 0;
			shellPath = /bin/sh;
			shellScript = "\"${PODS_ROOT}/Target Support Files/Pods-Lexus/Pods-Lexus-frameworks.sh\"\n";
			showEnvVarsInLog = 0;
		};
		B3C17C74865BED0FBCECC397 /* [CP] Check Pods Manifest.lock */ = {
			isa = PBXShellScriptBuildPhase;
			buildActionMask = 2147483647;
			files = (
			);
			inputFileListPaths = (
			);
			inputPaths = (
				"${PODS_PODFILE_DIR_PATH}/Podfile.lock",
				"${PODS_ROOT}/Manifest.lock",
			);
			name = "[CP] Check Pods Manifest.lock";
			outputFileListPaths = (
			);
			outputPaths = (
				"$(DERIVED_FILE_DIR)/Pods-Lexus-checkManifestLockResult.txt",
			);
			runOnlyForDeploymentPostprocessing = 0;
			shellPath = /bin/sh;
			shellScript = "diff \"${PODS_PODFILE_DIR_PATH}/Podfile.lock\" \"${PODS_ROOT}/Manifest.lock\" > /dev/null\nif [ $? != 0 ] ; then\n    # print error to STDERR\n    echo \"error: The sandbox is not in sync with the Podfile.lock. Run 'pod install' or update your CocoaPods installation.\" >&2\n    exit 1\nfi\n# This output is used by Xcode 'outputs' to avoid re-running this script phase.\necho \"SUCCESS\" > \"${SCRIPT_OUTPUT_FILE_0}\"\n";
			showEnvVarsInLog = 0;
		};
/* End PBXShellScriptBuildPhase section */

/* Begin PBXSourcesBuildPhase section */
		F41B44E625A5B8F7000C0973 /* Sources */ = {
			isa = PBXSourcesBuildPhase;
			buildActionMask = 2147483647;
			files = (
				F4D0F5A825A6D3CF00D90E78 /* HistoryDataStore.swift in Sources */,
				F4D0F5C625A6D5A400D90E78 /* LotteryType.swift in Sources */,
				F46799A925A69A7300FF3BDE /* HomeCollectionViewController.swift in Sources */,
				F41B453A25A5BE92000C0973 /* UIConstant.swift in Sources */,
				F41B451625A5BB6E000C0973 /* OneAndOneTableViewController.swift in Sources */,
				F41B453625A5BD94000C0973 /* NumberCollectionViewCell.swift in Sources */,
				F4D0F58125A6AC5300D90E78 /* HomeBillItem.swift in Sources */,
				F46799AF25A69B7D00FF3BDE /* HomeItemCollectionViewCell.swift in Sources */,
				F4D0F5C325A6D56600D90E78 /* LotteryModel.swift in Sources */,
				F4D0F5A225A6D08400D90E78 /* UIKit+Extension.swift in Sources */,
				F41B451325A5BB44000C0973 /* HistoryTableViewController.swift in Sources */,
				F41B44F225A5B8F7000C0973 /* SuperLottoViewController.swift in Sources */,
				F41B44EE25A5B8F7000C0973 /* AppDelegate.swift in Sources */,
				F4D0F5C925A6D67500D90E78 /* LotteryItem.swift in Sources */,
				F4D0F59C25A6CFF600D90E78 /* MyNavigationController.swift in Sources */,
				F46799B325A69C6400FF3BDE /* HomeAdapter.swift in Sources */,
				F41B44F025A5B8F7000C0973 /* SceneDelegate.swift in Sources */,
			);
			runOnlyForDeploymentPostprocessing = 0;
		};
/* End PBXSourcesBuildPhase section */

/* Begin PBXVariantGroup section */
		F41B44F325A5B8F7000C0973 /* Main.storyboard */ = {
			isa = PBXVariantGroup;
			children = (
				F41B44F425A5B8F7000C0973 /* Base */,
			);
			name = Main.storyboard;
			sourceTree = "<group>";
		};
		F41B44F825A5B8F9000C0973 /* LaunchScreen.storyboard */ = {
			isa = PBXVariantGroup;
			children = (
				F41B44F925A5B8F9000C0973 /* Base */,
			);
			name = LaunchScreen.storyboard;
			sourceTree = "<group>";
		};
/* End PBXVariantGroup section */

/* Begin XCBuildConfiguration section */
		F41B44FC25A5B8F9000C0973 /* Debug */ = {
			isa = XCBuildConfiguration;
			buildSettings = {
				ALWAYS_SEARCH_USER_PATHS = NO;
				CLANG_ANALYZER_NONNULL = YES;
				CLANG_ANALYZER_NUMBER_OBJECT_CONVERSION = YES_AGGRESSIVE;
				CLANG_CXX_LANGUAGE_STANDARD = "gnu++14";
				CLANG_CXX_LIBRARY = "libc++";
				CLANG_ENABLE_MODULES = YES;
				CLANG_ENABLE_OBJC_ARC = YES;
				CLANG_ENABLE_OBJC_WEAK = YES;
				CLANG_WARN_BLOCK_CAPTURE_AUTORELEASING = YES;
				CLANG_WARN_BOOL_CONVERSION = YES;
				CLANG_WARN_COMMA = YES;
				CLANG_WARN_CONSTANT_CONVERSION = YES;
				CLANG_WARN_DEPRECATED_OBJC_IMPLEMENTATIONS = YES;
				CLANG_WARN_DIRECT_OBJC_ISA_USAGE = YES_ERROR;
				CLANG_WARN_DOCUMENTATION_COMMENTS = YES;
				CLANG_WARN_EMPTY_BODY = YES;
				CLANG_WARN_ENUM_CONVERSION = YES;
				CLANG_WARN_INFINITE_RECURSION = YES;
				CLANG_WARN_INT_CONVERSION = YES;
				CLANG_WARN_NON_LITERAL_NULL_CONVERSION = YES;
				CLANG_WARN_OBJC_IMPLICIT_RETAIN_SELF = YES;
				CLANG_WARN_OBJC_LITERAL_CONVERSION = YES;
				CLANG_WARN_OBJC_ROOT_CLASS = YES_ERROR;
				CLANG_WARN_QUOTED_INCLUDE_IN_FRAMEWORK_HEADER = YES;
				CLANG_WARN_RANGE_LOOP_ANALYSIS = YES;
				CLANG_WARN_STRICT_PROTOTYPES = YES;
				CLANG_WARN_SUSPICIOUS_MOVE = YES;
				CLANG_WARN_UNGUARDED_AVAILABILITY = YES_AGGRESSIVE;
				CLANG_WARN_UNREACHABLE_CODE = YES;
				CLANG_WARN__DUPLICATE_METHOD_MATCH = YES;
				COPY_PHASE_STRIP = NO;
				DEBUG_INFORMATION_FORMAT = dwarf;
				ENABLE_STRICT_OBJC_MSGSEND = YES;
				ENABLE_TESTABILITY = YES;
				GCC_C_LANGUAGE_STANDARD = gnu11;
				GCC_DYNAMIC_NO_PIC = NO;
				GCC_NO_COMMON_BLOCKS = YES;
				GCC_OPTIMIZATION_LEVEL = 0;
				GCC_PREPROCESSOR_DEFINITIONS = (
					"DEBUG=1",
					"$(inherited)",
				);
				GCC_WARN_64_TO_32_BIT_CONVERSION = YES;
				GCC_WARN_ABOUT_RETURN_TYPE = YES_ERROR;
				GCC_WARN_UNDECLARED_SELECTOR = YES;
				GCC_WARN_UNINITIALIZED_AUTOS = YES_AGGRESSIVE;
				GCC_WARN_UNUSED_FUNCTION = YES;
				GCC_WARN_UNUSED_VARIABLE = YES;
				IPHONEOS_DEPLOYMENT_TARGET = 14.3;
				MTL_ENABLE_DEBUG_INFO = INCLUDE_SOURCE;
				MTL_FAST_MATH = YES;
				ONLY_ACTIVE_ARCH = YES;
				SDKROOT = iphoneos;
				SWIFT_ACTIVE_COMPILATION_CONDITIONS = DEBUG;
				SWIFT_OPTIMIZATION_LEVEL = "-Onone";
			};
			name = Debug;
		};
		F41B44FD25A5B8F9000C0973 /* Release */ = {
			isa = XCBuildConfiguration;
			buildSettings = {
				ALWAYS_SEARCH_USER_PATHS = NO;
				CLANG_ANALYZER_NONNULL = YES;
				CLANG_ANALYZER_NUMBER_OBJECT_CONVERSION = YES_AGGRESSIVE;
				CLANG_CXX_LANGUAGE_STANDARD = "gnu++14";
				CLANG_CXX_LIBRARY = "libc++";
				CLANG_ENABLE_MODULES = YES;
				CLANG_ENABLE_OBJC_ARC = YES;
				CLANG_ENABLE_OBJC_WEAK = YES;
				CLANG_WARN_BLOCK_CAPTURE_AUTORELEASING = YES;
				CLANG_WARN_BOOL_CONVERSION = YES;
				CLANG_WARN_COMMA = YES;
				CLANG_WARN_CONSTANT_CONVERSION = YES;
				CLANG_WARN_DEPRECATED_OBJC_IMPLEMENTATIONS = YES;
				CLANG_WARN_DIRECT_OBJC_ISA_USAGE = YES_ERROR;
				CLANG_WARN_DOCUMENTATION_COMMENTS = YES;
				CLANG_WARN_EMPTY_BODY = YES;
				CLANG_WARN_ENUM_CONVERSION = YES;
				CLANG_WARN_INFINITE_RECURSION = YES;
				CLANG_WARN_INT_CONVERSION = YES;
				CLANG_WARN_NON_LITERAL_NULL_CONVERSION = YES;
				CLANG_WARN_OBJC_IMPLICIT_RETAIN_SELF = YES;
				CLANG_WARN_OBJC_LITERAL_CONVERSION = YES;
				CLANG_WARN_OBJC_ROOT_CLASS = YES_ERROR;
				CLANG_WARN_QUOTED_INCLUDE_IN_FRAMEWORK_HEADER = YES;
				CLANG_WARN_RANGE_LOOP_ANALYSIS = YES;
				CLANG_WARN_STRICT_PROTOTYPES = YES;
				CLANG_WARN_SUSPICIOUS_MOVE = YES;
				CLANG_WARN_UNGUARDED_AVAILABILITY = YES_AGGRESSIVE;
				CLANG_WARN_UNREACHABLE_CODE = YES;
				CLANG_WARN__DUPLICATE_METHOD_MATCH = YES;
				COPY_PHASE_STRIP = NO;
				DEBUG_INFORMATION_FORMAT = "dwarf-with-dsym";
				ENABLE_NS_ASSERTIONS = NO;
				ENABLE_STRICT_OBJC_MSGSEND = YES;
				GCC_C_LANGUAGE_STANDARD = gnu11;
				GCC_NO_COMMON_BLOCKS = YES;
				GCC_WARN_64_TO_32_BIT_CONVERSION = YES;
				GCC_WARN_ABOUT_RETURN_TYPE = YES_ERROR;
				GCC_WARN_UNDECLARED_SELECTOR = YES;
				GCC_WARN_UNINITIALIZED_AUTOS = YES_AGGRESSIVE;
				GCC_WARN_UNUSED_FUNCTION = YES;
				GCC_WARN_UNUSED_VARIABLE = YES;
				IPHONEOS_DEPLOYMENT_TARGET = 14.3;
				MTL_ENABLE_DEBUG_INFO = NO;
				MTL_FAST_MATH = YES;
				SDKROOT = iphoneos;
				SWIFT_COMPILATION_MODE = wholemodule;
				SWIFT_OPTIMIZATION_LEVEL = "-O";
				VALIDATE_PRODUCT = YES;
			};
			name = Release;
		};
		F41B44FF25A5B8F9000C0973 /* Debug */ = {
			isa = XCBuildConfiguration;
			baseConfigurationReference = FDDBF76B80E040204F247FF5 /* Pods-Lexus.debug.xcconfig */;
			buildSettings = {
				ASSETCATALOG_COMPILER_APPICON_NAME = AppIcon;
				ASSETCATALOG_COMPILER_GLOBAL_ACCENT_COLOR_NAME = AccentColor;
				CODE_SIGN_STYLE = Automatic;
				DEVELOPMENT_TEAM = LR54HTQ7KA;
				INFOPLIST_FILE = Lexus/Info.plist;
				LD_RUNPATH_SEARCH_PATHS = (
					"$(inherited)",
					"@executable_path/Frameworks",
				);
				PRODUCT_BUNDLE_IDENTIFIER = com.yf.Lexus;
				PRODUCT_NAME = "$(TARGET_NAME)";
				SWIFT_VERSION = 5.0;
				TARGETED_DEVICE_FAMILY = "1,2";
			};
			name = Debug;
		};
		F41B450025A5B8F9000C0973 /* Release */ = {
			isa = XCBuildConfiguration;
			baseConfigurationReference = C35D172655E6CFB644F65138 /* Pods-Lexus.release.xcconfig */;
			buildSettings = {
				ASSETCATALOG_COMPILER_APPICON_NAME = AppIcon;
				ASSETCATALOG_COMPILER_GLOBAL_ACCENT_COLOR_NAME = AccentColor;
				CODE_SIGN_STYLE = Automatic;
				DEVELOPMENT_TEAM = LR54HTQ7KA;
				INFOPLIST_FILE = Lexus/Info.plist;
				LD_RUNPATH_SEARCH_PATHS = (
					"$(inherited)",
					"@executable_path/Frameworks",
				);
				PRODUCT_BUNDLE_IDENTIFIER = com.yf.Lexus;
				PRODUCT_NAME = "$(TARGET_NAME)";
				SWIFT_VERSION = 5.0;
				TARGETED_DEVICE_FAMILY = "1,2";
			};
			name = Release;
		};
/* End XCBuildConfiguration section */

/* Begin XCConfigurationList section */
		F41B44E525A5B8F7000C0973 /* Build configuration list for PBXProject "Lexus" */ = {
			isa = XCConfigurationList;
			buildConfigurations = (
				F41B44FC25A5B8F9000C0973 /* Debug */,
				F41B44FD25A5B8F9000C0973 /* Release */,
			);
			defaultConfigurationIsVisible = 0;
			defaultConfigurationName = Release;
		};
		F41B44FE25A5B8F9000C0973 /* Build configuration list for PBXNativeTarget "Lexus" */ = {
			isa = XCConfigurationList;
			buildConfigurations = (
				F41B44FF25A5B8F9000C0973 /* Debug */,
				F41B450025A5B8F9000C0973 /* Release */,
			);
			defaultConfigurationIsVisible = 0;
			defaultConfigurationName = Release;
		};
/* End XCConfigurationList section */
	};
	rootObject = F41B44E225A5B8F7000C0973 /* Project object */;
}
